{
	"name": "storybook-react",
	"version": "1.0.0",
	"lockfileVersion": 3,
	"requires": true,
	"packages": {
		"": {
			"name": "storybook-react",
			"version": "1.0.0",
			"devDependencies": {
				"@biomejs/biome": "2.3.11",
				"@rsbuild/core": "^1.7.1",
				"@rsbuild/plugin-react": "^1.4.2",
				"@types/react": "^19.2.7",
				"@types/react-dom": "^19.2.3",
				"typescript": "^5.9.3"
			},
			"peerDependencies": {
				"react": "^19.2.3",
				"react-dom": "^19.2.3"
			}
		},
		"node_modules/@biomejs/biome": {
			"version": "2.3.11",
			"resolved": "https://registry.npmjs.org/@biomejs/biome/-/biome-2.3.11.tgz",
			"integrity": "sha512-/zt+6qazBWguPG6+eWmiELqO+9jRsMZ/DBU3lfuU2ngtIQYzymocHhKiZRyrbra4aCOoyTg/BmY+6WH5mv9xmQ==",
			"dev": true,
			"license": "MIT OR Apache-2.0",
			"bin": {
				"biome": "bin/biome"
			},
			"engines": {
				"node": ">=14.21.3"
			},
			"funding": {
				"type": "opencollective",
				"url": "https://opencollective.com/biome"
			},
			"optionalDependencies": {
				"@biomejs/cli-darwin-arm64": "2.3.11",
				"@biomejs/cli-darwin-x64": "2.3.11",
				"@biomejs/cli-linux-arm64": "2.3.11",
				"@biomejs/cli-linux-arm64-musl": "2.3.11",
				"@biomejs/cli-linux-x64": "2.3.11",
				"@biomejs/cli-linux-x64-musl": "2.3.11",
				"@biomejs/cli-win32-arm64": "2.3.11",
				"@biomejs/cli-win32-x64": "2.3.11"
			}
		},
		"node_modules/@biomejs/cli-darwin-arm64": {
			"version": "2.3.11",
			"resolved": "https://registry.npmjs.org/@biomejs/cli-darwin-arm64/-/cli-darwin-arm64-2.3.11.tgz",
			"integrity": "sha512-/uXXkBcPKVQY7rc9Ys2CrlirBJYbpESEDme7RKiBD6MmqR2w3j0+ZZXRIL2xiaNPsIMMNhP1YnA+jRRxoOAFrA==",
			"cpu": [
				"arm64"
			],
			"dev": true,
			"license": "MIT OR Apache-2.0",
			"optional": true,
			"os": [
				"darwin"
			],
			"engines": {
				"node": ">=14.21.3"
			}
		},
		"node_modules/@biomejs/cli-darwin-x64": {
			"version": "2.3.11",
			"resolved": "https://registry.npmjs.org/@biomejs/cli-darwin-x64/-/cli-darwin-x64-2.3.11.tgz",
			"integrity": "sha512-fh7nnvbweDPm2xEmFjfmq7zSUiox88plgdHF9OIW4i99WnXrAC3o2P3ag9judoUMv8FCSUnlwJCM1B64nO5Fbg==",
			"cpu": [
				"x64"
			],
			"dev": true,
			"license": "MIT OR Apache-2.0",
			"optional": true,
			"os": [
				"darwin"
			],
			"engines": {
				"node": ">=14.21.3"
			}
		},
		"node_modules/@biomejs/cli-linux-arm64": {
			"version": "2.3.11",
			"resolved": "https://registry.npmjs.org/@biomejs/cli-linux-arm64/-/cli-linux-arm64-2.3.11.tgz",
			"integrity": "sha512-l4xkGa9E7Uc0/05qU2lMYfN1H+fzzkHgaJoy98wO+b/7Gl78srbCRRgwYSW+BTLixTBrM6Ede5NSBwt7rd/i6g==",
			"cpu": [
				"arm64"
			],
			"dev": true,
			"license": "MIT OR Apache-2.0",
			"optional": true,
			"os": [
				"linux"
			],
			"engines": {
				"node": ">=14.21.3"
			}
		},
		"node_modules/@biomejs/cli-linux-arm64-musl": {
			"version": "2.3.11",
			"resolved": "https://registry.npmjs.org/@biomejs/cli-linux-arm64-musl/-/cli-linux-arm64-musl-2.3.11.tgz",
			"integrity": "sha512-XPSQ+XIPZMLaZ6zveQdwNjbX+QdROEd1zPgMwD47zvHV+tCGB88VH+aynyGxAHdzL+Tm/+DtKST5SECs4iwCLg==",
			"cpu": [
				"arm64"
			],
			"dev": true,
			"license": "MIT OR Apache-2.0",
			"optional": true,
			"os": [
				"linux"
			],
			"engines": {
				"node": ">=14.21.3"
			}
		},
		"node_modules/@biomejs/cli-linux-x64": {
			"version": "2.3.11",
			"resolved": "https://registry.npmjs.org/@biomejs/cli-linux-x64/-/cli-linux-x64-2.3.11.tgz",
			"integrity": "sha512-/1s9V/H3cSe0r0Mv/Z8JryF5x9ywRxywomqZVLHAoa/uN0eY7F8gEngWKNS5vbbN/BsfpCG5yeBT5ENh50Frxg==",
			"cpu": [
				"x64"
			],
			"dev": true,
			"license": "MIT OR Apache-2.0",
			"optional": true,
			"os": [
				"linux"
			],
			"engines": {
				"node": ">=14.21.3"
			}
		},
		"node_modules/@biomejs/cli-linux-x64-musl": {
			"version": "2.3.11",
			"resolved": "https://registry.npmjs.org/@biomejs/cli-linux-x64-musl/-/cli-linux-x64-musl-2.3.11.tgz",
			"integrity": "sha512-vU7a8wLs5C9yJ4CB8a44r12aXYb8yYgBn+WeyzbMjaCMklzCv1oXr8x+VEyWodgJt9bDmhiaW/I0RHbn7rsNmw==",
			"cpu": [
				"x64"
			],
			"dev": true,
			"license": "MIT OR Apache-2.0",
			"optional": true,
			"os": [
				"linux"
			],
			"engines": {
				"node": ">=14.21.3"
			}
		},
		"node_modules/@biomejs/cli-win32-arm64": {
			"version": "2.3.11",
			"resolved": "https://registry.npmjs.org/@biomejs/cli-win32-arm64/-/cli-win32-arm64-2.3.11.tgz",
			"integrity": "sha512-PZQ6ElCOnkYapSsysiTy0+fYX+agXPlWugh6+eQ6uPKI3vKAqNp6TnMhoM3oY2NltSB89hz59o8xIfOdyhi9Iw==",
			"cpu": [
				"arm64"
			],
			"dev": true,
			"license": "MIT OR Apache-2.0",
			"optional": true,
			"os": [
				"win32"
			],
			"engines": {
				"node": ">=14.21.3"
			}
		},
		"node_modules/@biomejs/cli-win32-x64": {
			"version": "2.3.11",
			"resolved": "https://registry.npmjs.org/@biomejs/cli-win32-x64/-/cli-win32-x64-2.3.11.tgz",
			"integrity": "sha512-43VrG813EW+b5+YbDbz31uUsheX+qFKCpXeY9kfdAx+ww3naKxeVkTD9zLIWxUPfJquANMHrmW3wbe/037G0Qg==",
			"cpu": [
				"x64"
			],
			"dev": true,
			"license": "MIT OR Apache-2.0",
			"optional": true,
			"os": [
				"win32"
			],
			"engines": {
				"node": ">=14.21.3"
			}
		},
		"node_modules/@emnapi/core": {
			"version": "1.8.1",
			"resolved": "https://registry.npmjs.org/@emnapi/core/-/core-1.8.1.tgz",
			"integrity": "sha512-AvT9QFpxK0Zd8J0jopedNm+w/2fIzvtPKPjqyw9jwvBaReTTqPBk9Hixaz7KbjimP+QNz605/XnjFcDAL2pqBg==",
			"dev": true,
			"license": "MIT",
			"optional": true,
			"dependencies": {
				"@emnapi/wasi-threads": "1.1.0",
				"tslib": "^2.4.0"
			}
		},
		"node_modules/@emnapi/runtime": {
			"version": "1.8.1",
			"resolved": "https://registry.npmjs.org/@emnapi/runtime/-/runtime-1.8.1.tgz",
			"integrity": "sha512-mehfKSMWjjNol8659Z8KxEMrdSJDDot5SXMq00dM8BN4o+CLNXQ0xH2V7EchNHV4RmbZLmmPdEaXZc5H2FXmDg==",
			"dev": true,
			"license": "MIT",
			"optional": true,
			"dependencies": {
				"tslib": "^2.4.0"
			}
		},
		"node_modules/@emnapi/wasi-threads": {
			"version": "1.1.0",
			"resolved": "https://registry.npmjs.org/@emnapi/wasi-threads/-/wasi-threads-1.1.0.tgz",
			"integrity": "sha512-WI0DdZ8xFSbgMjR1sFsKABJ/C5OnRrjT06JXbZKexJGrDuPTzZdDYfFlsgcCXCyf+suG5QU2e/y1Wo2V/OapLQ==",
			"dev": true,
			"license": "MIT",
			"optional": true,
			"dependencies": {
				"tslib": "^2.4.0"
			}
		},
		"node_modules/@module-federation/error-codes": {
			"version": "0.22.0",
			"resolved": "https://registry.npmjs.org/@module-federation/error-codes/-/error-codes-0.22.0.tgz",
			"integrity": "sha512-xF9SjnEy7vTdx+xekjPCV5cIHOGCkdn3pIxo9vU7gEZMIw0SvAEdsy6Uh17xaCpm8V0FWvR0SZoK9Ik6jGOaug==",
			"dev": true,
			"license": "MIT"
		},
		"node_modules/@module-federation/runtime": {
			"version": "0.22.0",
			"resolved": "https://registry.npmjs.org/@module-federation/runtime/-/runtime-0.22.0.tgz",
			"integrity": "sha512-38g5iPju2tPC3KHMPxRKmy4k4onNp6ypFPS1eKGsNLUkXgHsPMBFqAjDw96iEcjri91BrahG4XcdyKi97xZzlA==",
			"dev": true,
			"license": "MIT",
			"dependencies": {
				"@module-federation/error-codes": "0.22.0",
				"@module-federation/runtime-core": "0.22.0",
				"@module-federation/sdk": "0.22.0"
			}
		},
		"node_modules/@module-federation/runtime-core": {
			"version": "0.22.0",
			"resolved": "https://registry.npmjs.org/@module-federation/runtime-core/-/runtime-core-0.22.0.tgz",
			"integrity": "sha512-GR1TcD6/s7zqItfhC87zAp30PqzvceoeDGYTgF3Vx2TXvsfDrhP6Qw9T4vudDQL3uJRne6t7CzdT29YyVxlgIA==",
			"dev": true,
			"license": "MIT",
			"dependencies": {
				"@module-federation/error-codes": "0.22.0",
				"@module-federation/sdk": "0.22.0"
			}
		},
		"node_modules/@module-federation/runtime-tools": {
			"version": "0.22.0",
			"resolved": "https://registry.npmjs.org/@module-federation/runtime-tools/-/runtime-tools-0.22.0.tgz",
			"integrity": "sha512-4ScUJ/aUfEernb+4PbLdhM/c60VHl698Gn1gY21m9vyC1Ucn69fPCA1y2EwcCB7IItseRMoNhdcWQnzt/OPCNA==",
			"dev": true,
			"license": "MIT",
			"dependencies": {
				"@module-federation/runtime": "0.22.0",
				"@module-federation/webpack-bundler-runtime": "0.22.0"
			}
		},
		"node_modules/@module-federation/sdk": {
			"version": "0.22.0",
			"resolved": "https://registry.npmjs.org/@module-federation/sdk/-/sdk-0.22.0.tgz",
			"integrity": "sha512-x4aFNBKn2KVQRuNVC5A7SnrSCSqyfIWmm1DvubjbO9iKFe7ith5niw8dqSFBekYBg2Fwy+eMg4sEFNVvCAdo6g==",
			"dev": true,
			"license": "MIT"
		},
		"node_modules/@module-federation/webpack-bundler-runtime": {
			"version": "0.22.0",
			"resolved": "https://registry.npmjs.org/@module-federation/webpack-bundler-runtime/-/webpack-bundler-runtime-0.22.0.tgz",
			"integrity": "sha512-aM8gCqXu+/4wBmJtVeMeeMN5guw3chf+2i6HajKtQv7SJfxV/f4IyNQJUeUQu9HfiAZHjqtMV5Lvq/Lvh8LdyA==",
			"dev": true,
			"license": "MIT",
			"dependencies": {
				"@module-federation/runtime": "0.22.0",
				"@module-federation/sdk": "0.22.0"
			}
		},
		"node_modules/@napi-rs/wasm-runtime": {
			"version": "1.0.7",
			"resolved": "https://registry.npmjs.org/@napi-rs/wasm-runtime/-/wasm-runtime-1.0.7.tgz",
			"integrity": "sha512-SeDnOO0Tk7Okiq6DbXmmBODgOAb9dp9gjlphokTUxmt8U3liIP1ZsozBahH69j/RJv+Rfs6IwUKHTgQYJ/HBAw==",
			"dev": true,
			"license": "MIT",
			"optional": true,
			"dependencies": {
				"@emnapi/core": "^1.5.0",
				"@emnapi/runtime": "^1.5.0",
				"@tybys/wasm-util": "^0.10.1"
			}
		},
		"node_modules/@rsbuild/core": {
			"version": "1.7.2",
			"resolved": "https://registry.npmjs.org/@rsbuild/core/-/core-1.7.2.tgz",
			"integrity": "sha512-VAFO6cM+cyg2ntxNW6g3tB2Jc5J5mpLjLluvm7VtW2uceNzyUlVv41o66Yp1t1ikxd3ljtqegViXem62JqzveA==",
			"dev": true,
			"license": "MIT",
			"dependencies": {
				"@rspack/core": "~1.7.1",
				"@rspack/lite-tapable": "~1.1.0",
				"@swc/helpers": "^0.5.18",
				"core-js": "~3.47.0",
				"jiti": "^2.6.1"
			},
			"bin": {
				"rsbuild": "bin/rsbuild.js"
			},
			"engines": {
				"node": ">=18.12.0"
			}
		},
		"node_modules/@rsbuild/plugin-react": {
			"version": "1.4.3",
			"resolved": "https://registry.npmjs.org/@rsbuild/plugin-react/-/plugin-react-1.4.3.tgz",
			"integrity": "sha512-Uf9FkKk2TqYDbsypXHgjdivPmEoYFvBTHJT5fPmjCf0Sc3lR2BHtlc0WMdZTCKUJ5jTxREygMs9LbnehX98L8g==",
			"dev": true,
			"license": "MIT",
			"dependencies": {
				"@rspack/plugin-react-refresh": "^1.5.3",
				"react-refresh": "^0.18.0"
			},
			"peerDependencies": {
				"@rsbuild/core": "^1.0.0 || ^2.0.0-0"
			}
		},
		"node_modules/@rspack/binding": {
			"version": "1.7.2",
			"resolved": "https://registry.npmjs.org/@rspack/binding/-/binding-1.7.2.tgz",
			"integrity": "sha512-bVssRQ39TgGA2RxKEbhUBKYRHln9sbBi0motHmqSU53aMnIkiLXjcj7tZC5dK7Okl2SrHM5KCYK9eG4UodDfdA==",
			"dev": true,
			"license": "MIT",
			"optionalDependencies": {
				"@rspack/binding-darwin-arm64": "1.7.2",
				"@rspack/binding-darwin-x64": "1.7.2",
				"@rspack/binding-linux-arm64-gnu": "1.7.2",
				"@rspack/binding-linux-arm64-musl": "1.7.2",
				"@rspack/binding-linux-x64-gnu": "1.7.2",
				"@rspack/binding-linux-x64-musl": "1.7.2",
				"@rspack/binding-wasm32-wasi": "1.7.2",
				"@rspack/binding-win32-arm64-msvc": "1.7.2",
				"@rspack/binding-win32-ia32-msvc": "1.7.2",
				"@rspack/binding-win32-x64-msvc": "1.7.2"
			}
		},
		"node_modules/@rspack/binding-darwin-arm64": {
			"version": "1.7.2",
			"resolved": "https://registry.npmjs.org/@rspack/binding-darwin-arm64/-/binding-darwin-arm64-1.7.2.tgz",
			"integrity": "sha512-EsmfzNZnuEhVPMX5jWATCHT2UCCBh6iqq448xUMmASDiKVbIOhUTN1ONTV+aMERYl7BgMNJn0iTis6ot2GWKIg==",
			"cpu": [
				"arm64"
			],
			"dev": true,
			"license": "MIT",
			"optional": true,
			"os": [
				"darwin"
			]
		},
		"node_modules/@rspack/binding-darwin-x64": {
			"version": "1.7.2",
			"resolved": "https://registry.npmjs.org/@rspack/binding-darwin-x64/-/binding-darwin-x64-1.7.2.tgz",
			"integrity": "sha512-lQLq0eNzFDzR31XD0H5oTG0y8cBoNF9hJ2gt1GgqMlYvaY+pMEeh7s4rTX1/M0c4gHpLudp86SsDuDJ53BwnaQ==",
			"cpu": [
				"x64"
			],
			"dev": true,
			"license": "MIT",
			"optional": true,
			"os": [
				"darwin"
			]
		},
		"node_modules/@rspack/binding-linux-arm64-gnu": {
			"version": "1.7.2",
			"resolved": "https://registry.npmjs.org/@rspack/binding-linux-arm64-gnu/-/binding-linux-arm64-gnu-1.7.2.tgz",
			"integrity": "sha512-rtrsygVbDYw55ukdIk3NEwNQWkUemfRgeNOUvZ0k/6p7eP16020VPDvIqvcmyPtBhwFmz5vfo57GnBLisjM/kw==",
			"cpu": [
				"arm64"
			],
			"dev": true,
			"license": "MIT",
			"optional": true,
			"os": [
				"linux"
			]
		},
		"node_modules/@rspack/binding-linux-arm64-musl": {
			"version": "1.7.2",
			"resolved": "https://registry.npmjs.org/@rspack/binding-linux-arm64-musl/-/binding-linux-arm64-musl-1.7.2.tgz",
			"integrity": "sha512-zhh6ycumTHI7V/VOOT6DolvBe5RFG+Np/e5hhlhjEFtskraO9rkWg8knE9Ssu6a6Qdj4nGscqOj9ENNpc6gb+A==",
			"cpu": [
				"arm64"
			],
			"dev": true,
			"license": "MIT",
			"optional": true,
			"os": [
				"linux"
			]
		},
		"node_modules/@rspack/binding-linux-x64-gnu": {
			"version": "1.7.2",
			"resolved": "https://registry.npmjs.org/@rspack/binding-linux-x64-gnu/-/binding-linux-x64-gnu-1.7.2.tgz",
			"integrity": "sha512-ON9hy6OTpBOmmFp/51RPa0r9bDbZ3wTTubT54V+yhHuB+eSrlXQIOQScUGCGoGgqp6sLTwKjv2yy7YLyzd1gCA==",
			"cpu": [
				"x64"
			],
			"dev": true,
			"license": "MIT",
			"optional": true,
			"os": [
				"linux"
			]
		},
		"node_modules/@rspack/binding-linux-x64-musl": {
			"version": "1.7.2",
			"resolved": "https://registry.npmjs.org/@rspack/binding-linux-x64-musl/-/binding-linux-x64-musl-1.7.2.tgz",
			"integrity": "sha512-+2nnjwaSOStgLKtY5O7I3yfkwTkhiJLQ35CwQqWKRw+g1E4OFIKpXBfl34JDtrF/2DeS7sVVyLeuC25+43n9/A==",
			"cpu": [
				"x64"
			],
			"dev": true,
			"license": "MIT",
			"optional": true,
			"os": [
				"linux"
			]
		},
		"node_modules/@rspack/binding-wasm32-wasi": {
			"version": "1.7.2",
			"resolved": "https://registry.npmjs.org/@rspack/binding-wasm32-wasi/-/binding-wasm32-wasi-1.7.2.tgz",
			"integrity": "sha512-TU/aLBpm9CTR/RTLF27WlvBKGyju6gpiNTRd3XRbX2JfY3UBNUQN/Ev+gQMVeOj55y9Fruzou42/w9ncTKA0Dw==",
			"cpu": [
				"wasm32"
			],
			"dev": true,
			"license": "MIT",
			"optional": true,
			"dependencies": {
				"@napi-rs/wasm-runtime": "1.0.7"
			}
		},
		"node_modules/@rspack/binding-win32-arm64-msvc": {
			"version": "1.7.2",
			"resolved": "https://registry.npmjs.org/@rspack/binding-win32-arm64-msvc/-/binding-win32-arm64-msvc-1.7.2.tgz",
			"integrity": "sha512-RReQN3AUu46XUZnOy5L/vSj5J+tcl/bzSnGQ2KetZ7dUOjGCC6c0Ki3EiklVM5OC1Agytz0Rz7cJqHJ+HaQbsA==",
			"cpu": [
				"arm64"
			],
			"dev": true,
			"license": "MIT",
			"optional": true,
			"os": [
				"win32"
			]
		},
		"node_modules/@rspack/binding-win32-ia32-msvc": {
			"version": "1.7.2",
			"resolved": "https://registry.npmjs.org/@rspack/binding-win32-ia32-msvc/-/binding-win32-ia32-msvc-1.7.2.tgz",
			"integrity": "sha512-EytrfT2sfUCnRMtXfSNv7AR65DWuY3dX/Bsn1TTin7CC6+RFEAP9nzHtCMISvFPp+c5bveok0/eY8j/f4LZ/Gg==",
			"cpu": [
				"ia32"
			],
			"dev": true,
			"license": "MIT",
			"optional": true,
			"os": [
				"win32"
			]
		},
		"node_modules/@rspack/binding-win32-x64-msvc": {
			"version": "1.7.2",
			"resolved": "https://registry.npmjs.org/@rspack/binding-win32-x64-msvc/-/binding-win32-x64-msvc-1.7.2.tgz",
			"integrity": "sha512-zLFt6cr55fjbIy6HT1xS2yLVmtvRjyZ0TbcRum7Ipp+s23gyGHVYNRuDMj34AHnhbCcX/XrxDTzCc4ba6xtYTw==",
			"cpu": [
				"x64"
			],
			"dev": true,
			"license": "MIT",
			"optional": true,
			"os": [
				"win32"
			]
		},
		"node_modules/@rspack/core": {
			"version": "1.7.2",
			"resolved": "https://registry.npmjs.org/@rspack/core/-/core-1.7.2.tgz",
			"integrity": "sha512-Pm06phSQqbthbzl92KdnbXmwcnYRv3Ef86uE6hoADqVjsmt2WvJwNjpqgs0S6n+s9UL6QzxqaaAaKg5qeBT+3g==",
			"dev": true,
			"license": "MIT",
			"dependencies": {
				"@module-federation/runtime-tools": "0.22.0",
				"@rspack/binding": "1.7.2",
				"@rspack/lite-tapable": "1.1.0"
			},
			"engines": {
				"node": ">=18.12.0"
			},
			"peerDependencies": {
				"@swc/helpers": ">=0.5.1"
			},
			"peerDependenciesMeta": {
				"@swc/helpers": {
					"optional": true
				}
			}
		},
		"node_modules/@rspack/lite-tapable": {
			"version": "1.1.0",
			"resolved": "https://registry.npmjs.org/@rspack/lite-tapable/-/lite-tapable-1.1.0.tgz",
			"integrity": "sha512-E2B0JhYFmVAwdDiG14+DW0Di4Ze4Jg10Pc4/lILUrd5DRCaklduz2OvJ5HYQ6G+hd+WTzqQb3QnDNfK4yvAFYw==",
			"dev": true,
			"license": "MIT"
		},
		"node_modules/@rspack/plugin-react-refresh": {
			"version": "1.6.0",
			"resolved": "https://registry.npmjs.org/@rspack/plugin-react-refresh/-/plugin-react-refresh-1.6.0.tgz",
			"integrity": "sha512-OO53gkrte/Ty4iRXxxM6lkwPGxsSsupFKdrPFnjwFIYrPvFLjeolAl5cTx+FzO5hYygJiGnw7iEKTmD+ptxqDA==",
			"dev": true,
			"license": "MIT",
			"dependencies": {
				"error-stack-parser": "^2.1.4",
				"html-entities": "^2.6.0"
			},
			"peerDependencies": {
				"react-refresh": ">=0.10.0 <1.0.0",
				"webpack-hot-middleware": "2.x"
			},
			"peerDependenciesMeta": {
				"webpack-hot-middleware": {
					"optional": true
				}
			}
		},
		"node_modules/@swc/helpers": {
			"version": "0.5.18",
			"resolved": "https://registry.npmjs.org/@swc/helpers/-/helpers-0.5.18.tgz",
			"integrity": "sha512-TXTnIcNJQEKwThMMqBXsZ4VGAza6bvN4pa41Rkqoio6QBKMvo+5lexeTMScGCIxtzgQJzElcvIltani+adC5PQ==",
			"dev": true,
			"license": "Apache-2.0",
			"dependencies": {
				"tslib": "^2.8.0"
			}
		},
		"node_modules/@tybys/wasm-util": {
			"version": "0.10.1",
			"resolved": "https://registry.npmjs.org/@tybys/wasm-util/-/wasm-util-0.10.1.tgz",
			"integrity": "sha512-9tTaPJLSiejZKx+Bmog4uSubteqTvFrVrURwkmHixBo0G4seD0zUxp98E1DzUBJxLQ3NPwXrGKDiVjwx/DpPsg==",
			"dev": true,
			"license": "MIT",
			"optional": true,
			"dependencies": {
				"tslib": "^2.4.0"
			}
		},
		"node_modules/@types/react": {
			"version": "19.2.8",
			"resolved": "https://registry.npmjs.org/@types/react/-/react-19.2.8.tgz",
			"integrity": "sha512-3MbSL37jEchWZz2p2mjntRZtPt837ij10ApxKfgmXCTuHWagYg7iA5bqPw6C8BMPfwidlvfPI/fxOc42HLhcyg==",
			"dev": true,
			"license": "MIT",
			"dependencies": {
				"csstype": "^3.2.2"
			}
		},
		"node_modules/@types/react-dom": {
			"version": "19.2.3",
			"resolved": "https://registry.npmjs.org/@types/react-dom/-/react-dom-19.2.3.tgz",
			"integrity": "sha512-jp2L/eY6fn+KgVVQAOqYItbF0VY/YApe5Mz2F0aykSO8gx31bYCZyvSeYxCHKvzHG5eZjc+zyaS5BrBWya2+kQ==",
			"dev": true,
			"license": "MIT",
			"peerDependencies": {
				"@types/react": "^19.2.0"
			}
		},
		"node_modules/core-js": {
			"version": "3.47.0",
			"resolved": "https://registry.npmjs.org/core-js/-/core-js-3.47.0.tgz",
			"integrity": "sha512-c3Q2VVkGAUyupsjRnaNX6u8Dq2vAdzm9iuPj5FW0fRxzlxgq9Q39MDq10IvmQSpLgHQNyQzQmOo6bgGHmH3NNg==",
			"dev": true,
			"hasInstallScript": true,
			"license": "MIT",
			"funding": {
				"type": "opencollective",
				"url": "https://opencollective.com/core-js"
			}
		},
		"node_modules/csstype": {
			"version": "3.2.3",
			"resolved": "https://registry.npmjs.org/csstype/-/csstype-3.2.3.tgz",
			"integrity": "sha512-z1HGKcYy2xA8AGQfwrn0PAy+PB7X/GSj3UVJW9qKyn43xWa+gl5nXmU4qqLMRzWVLFC8KusUX8T/0kCiOYpAIQ==",
			"dev": true,
			"license": "MIT"
		},
		"node_modules/error-stack-parser": {
			"version": "2.1.4",
			"resolved": "https://registry.npmjs.org/error-stack-parser/-/error-stack-parser-2.1.4.tgz",
			"integrity": "sha512-Sk5V6wVazPhq5MhpO+AUxJn5x7XSXGl1R93Vn7i+zS15KDVxQijejNCrz8340/2bgLBjR9GtEG8ZVKONDjcqGQ==",
			"dev": true,
			"license": "MIT",
			"dependencies": {
				"stackframe": "^1.3.4"
			}
		},
		"node_modules/html-entities": {
			"version": "2.6.0",
			"resolved": "https://registry.npmjs.org/html-entities/-/html-entities-2.6.0.tgz",
			"integrity": "sha512-kig+rMn/QOVRvr7c86gQ8lWXq+Hkv6CbAH1hLu+RG338StTpE8Z0b44SDVaqVu7HGKf27frdmUYEs9hTUX/cLQ==",
			"dev": true,
			"funding": [
				{
					"type": "github",
					"url": "https://github.com/sponsors/mdevils"
				},
				{
					"type": "patreon",
					"url": "https://patreon.com/mdevils"
				}
			],
			"license": "MIT"
		},
		"node_modules/jiti": {
			"version": "2.6.1",
			"resolved": "https://registry.npmjs.org/jiti/-/jiti-2.6.1.tgz",
			"integrity": "sha512-ekilCSN1jwRvIbgeg/57YFh8qQDNbwDb9xT/qu2DAHbFFZUicIl4ygVaAvzveMhMVr3LnpSKTNnwt8PoOfmKhQ==",
			"dev": true,
			"license": "MIT",
			"bin": {
				"jiti": "lib/jiti-cli.mjs"
			}
		},
		"node_modules/react": {
			"version": "19.2.3",
			"resolved": "https://registry.npmjs.org/react/-/react-19.2.3.tgz",
			"integrity": "sha512-Ku/hhYbVjOQnXDZFv2+RibmLFGwFdeeKHFcOTlrt7xplBnya5OGn/hIRDsqDiSUcfORsDC7MPxwork8jBwsIWA==",
			"license": "MIT",
			"peer": true,
			"engines": {
				"node": ">=0.10.0"
			}
		},
		"node_modules/react-dom": {
			"version": "19.2.3",
			"resolved": "https://registry.npmjs.org/react-dom/-/react-dom-19.2.3.tgz",
			"integrity": "sha512-yELu4WmLPw5Mr/lmeEpox5rw3RETacE++JgHqQzd2dg+YbJuat3jH4ingc+WPZhxaoFzdv9y33G+F7Nl5O0GBg==",
			"license": "MIT",
			"peer": true,
			"dependencies": {
				"scheduler": "^0.27.0"
			},
			"peerDependencies": {
				"react": "^19.2.3"
			}
		},
		"node_modules/react-refresh": {
			"version": "0.18.0",
			"resolved": "https://registry.npmjs.org/react-refresh/-/react-refresh-0.18.0.tgz",
			"integrity": "sha512-QgT5//D3jfjJb6Gsjxv0Slpj23ip+HtOpnNgnb2S5zU3CB26G/IDPGoy4RJB42wzFE46DRsstbW6tKHoKbhAxw==",
			"dev": true,
			"license": "MIT",
			"engines": {
				"node": ">=0.10.0"
			}
		},
		"node_modules/scheduler": {
			"version": "0.27.0",
			"resolved": "https://registry.npmjs.org/scheduler/-/scheduler-0.27.0.tgz",
			"integrity": "sha512-eNv+WrVbKu1f3vbYJT/xtiF5syA5HPIMtf9IgY/nKg0sWqzAUEvqY/xm7OcZc/qafLx/iO9FgOmeSAp4v5ti/Q==",
			"license": "MIT",
			"peer": true
		},
		"node_modules/stackframe": {
			"version": "1.3.4",
			"resolved": "https://registry.npmjs.org/stackframe/-/stackframe-1.3.4.tgz",
			"integrity": "sha512-oeVtt7eWQS+Na6F//S4kJ2K2VbRlS9D43mAlMyVpVWovy9o+jfgH8O9agzANzaiLjclA0oYzUXEM4PurhSUChw==",
			"dev": true,
			"license": "MIT"
		},
		"node_modules/tslib": {
			"version": "2.8.1",
			"resolved": "https://registry.npmjs.org/tslib/-/tslib-2.8.1.tgz",
			"integrity": "sha512-oJFu94HQb+KVduSUQL7wnpmqnfmLsOA/nAh6b6EH0wCEoK0/mPeXU6c3wKDV83MkOuHPRHtSXKKU99IBazS/2w==",
			"dev": true,
			"license": "0BSD"
		},
		"node_modules/typescript": {
			"version": "5.9.3",
			"resolved": "https://registry.npmjs.org/typescript/-/typescript-5.9.3.tgz",
			"integrity": "sha512-jl1vZzPDinLr9eUt3J/t7V6FgNEw9QjvBPdysz9KfQDD41fQrC2Y4vKQdiaUpFT4bXlb1RHhLpp8wtm6M5TgSw==",
			"dev": true,
			"license": "Apache-2.0",
			"bin": {
				"tsc": "bin/tsc",
				"tsserver": "bin/tsserver"
			},
			"engines": {
				"node": ">=14.17"
			}
		}
	}
}
